
Microsoft Visual Studio Solution File, Format Version 12.00
# Visual Studio Version 17
VisualStudioVersion = 17.6.33723.286
MinimumVisualStudioVersion = 10.0.40219.1
Project("{9A19103F-16F7-4668-BE54-9A1E7A4F7556}") = "Factory", "Factory\Factory.csproj", "{60E54236-17FB-4947-82F4-DF6655E014CD}"
EndProject
Project("{9A19103F-16F7-4668-BE54-9A1E7A4F7556}") = "Facade", "Facade\Facade.csproj", "{B83D95E1-039B-492F-839F-9642D31028C8}"
EndProject
Project("{9A19103F-16F7-4668-BE54-9A1E7A4F7556}") = "Singleton", "Singleton\Singleton.csproj", "{8D26827A-F008-41EE-87BB-A15602D44ED4}"
EndProject
Project("{9A19103F-16F7-4668-BE54-9A1E7A4F7556}") = "Builder", "Builder\Builder.csproj", "{013D7E69-2961-4019-940A-6136E6DFE1FA}"
EndProject
Project("{9A19103F-16F7-4668-BE54-9A1E7A4F7556}") = "Adapter", "Adapter\Adapter.csproj", "{59217BE2-C9B8-47A4-8663-CED04F14B5B6}"
EndProject
Project("{9A19103F-16F7-4668-BE54-9A1E7A4F7556}") = "FluentInterface", "FluentInterface\FluentInterface.csproj", "{759CFC12-37BE-4840-B850-9AD8CEED4798}"
EndProject
Project("{9A19103F-16F7-4668-BE54-9A1E7A4F7556}") = "Prototype", "Prototype\Prototype.csproj", "{C784847E-374B-49F8-B29A-644AC1272CEF}"
EndProject
Project("{9A19103F-16F7-4668-BE54-9A1E7A4F7556}") = "Decorator", "Decorator\Decorator.csproj", "{80C09745-F22D-4772-97D8-CAFF302A8B7C}"
EndProject
Project("{9A19103F-16F7-4668-BE54-9A1E7A4F7556}") = "Bridge", "Bridge\Bridge.csproj", "{C999AEA4-BCF1-455E-B01B-BBE9F7C0148A}"
EndProject
Project("{FAE04EC0-301F-11D3-BF4B-00C04F79EFBC}") = "Composite", "Composite\Composite.csproj", "{F9C0327F-0B62-4240-93D9-F29AC6DD8D15}"
EndProject
Global
	GlobalSection(SolutionConfigurationPlatforms) = preSolution
		Debug|Any CPU = Debug|Any CPU
		Release|Any CPU = Release|Any CPU
	EndGlobalSection
	GlobalSection(ProjectConfigurationPlatforms) = postSolution
		{60E54236-17FB-4947-82F4-DF6655E014CD}.Debug|Any CPU.ActiveCfg = Debug|Any CPU
		{60E54236-17FB-4947-82F4-DF6655E014CD}.Debug|Any CPU.Build.0 = Debug|Any CPU
		{60E54236-17FB-4947-82F4-DF6655E014CD}.Release|Any CPU.ActiveCfg = Release|Any CPU
		{60E54236-17FB-4947-82F4-DF6655E014CD}.Release|Any CPU.Build.0 = Release|Any CPU
		{B83D95E1-039B-492F-839F-9642D31028C8}.Debug|Any CPU.ActiveCfg = Debug|Any CPU
		{B83D95E1-039B-492F-839F-9642D31028C8}.Debug|Any CPU.Build.0 = Debug|Any CPU
		{B83D95E1-039B-492F-839F-9642D31028C8}.Release|Any CPU.ActiveCfg = Release|Any CPU
		{B83D95E1-039B-492F-839F-9642D31028C8}.Release|Any CPU.Build.0 = Release|Any CPU
		{8D26827A-F008-41EE-87BB-A15602D44ED4}.Debug|Any CPU.ActiveCfg = Debug|Any CPU
		{8D26827A-F008-41EE-87BB-A15602D44ED4}.Debug|Any CPU.Build.0 = Debug|Any CPU
		{8D26827A-F008-41EE-87BB-A15602D44ED4}.Release|Any CPU.ActiveCfg = Release|Any CPU
		{8D26827A-F008-41EE-87BB-A15602D44ED4}.Release|Any CPU.Build.0 = Release|Any CPU
		{013D7E69-2961-4019-940A-6136E6DFE1FA}.Debug|Any CPU.ActiveCfg = Debug|Any CPU
		{013D7E69-2961-4019-940A-6136E6DFE1FA}.Debug|Any CPU.Build.0 = Debug|Any CPU
		{013D7E69-2961-4019-940A-6136E6DFE1FA}.Release|Any CPU.ActiveCfg = Release|Any CPU
		{013D7E69-2961-4019-940A-6136E6DFE1FA}.Release|Any CPU.Build.0 = Release|Any CPU
		{59217BE2-C9B8-47A4-8663-CED04F14B5B6}.Debug|Any CPU.ActiveCfg = Debug|Any CPU
		{59217BE2-C9B8-47A4-8663-CED04F14B5B6}.Debug|Any CPU.Build.0 = Debug|Any CPU
		{59217BE2-C9B8-47A4-8663-CED04F14B5B6}.Release|Any CPU.ActiveCfg = Release|Any CPU
		{59217BE2-C9B8-47A4-8663-CED04F14B5B6}.Release|Any CPU.Build.0 = Release|Any CPU
		{759CFC12-37BE-4840-B850-9AD8CEED4798}.Debug|Any CPU.ActiveCfg = Debug|Any CPU
		{759CFC12-37BE-4840-B850-9AD8CEED4798}.Debug|Any CPU.Build.0 = Debug|Any CPU
		{759CFC12-37BE-4840-B850-9AD8CEED4798}.Release|Any CPU.ActiveCfg = Release|Any CPU
		{759CFC12-37BE-4840-B850-9AD8CEED4798}.Release|Any CPU.Build.0 = Release|Any CPU
		{C784847E-374B-49F8-B29A-644AC1272CEF}.Debug|Any CPU.ActiveCfg = Debug|Any CPU
		{C784847E-374B-49F8-B29A-644AC1272CEF}.Debug|Any CPU.Build.0 = Debug|Any CPU
		{C784847E-374B-49F8-B29A-644AC1272CEF}.Release|Any CPU.ActiveCfg = Release|Any CPU
		{C784847E-374B-49F8-B29A-644AC1272CEF}.Release|Any CPU.Build.0 = Release|Any CPU
		{80C09745-F22D-4772-97D8-CAFF302A8B7C}.Debug|Any CPU.ActiveCfg = Debug|Any CPU
		{80C09745-F22D-4772-97D8-CAFF302A8B7C}.Debug|Any CPU.Build.0 = Debug|Any CPU
		{80C09745-F22D-4772-97D8-CAFF302A8B7C}.Release|Any CPU.ActiveCfg = Release|Any CPU
		{80C09745-F22D-4772-97D8-CAFF302A8B7C}.Release|Any CPU.Build.0 = Release|Any CPU
		{C999AEA4-BCF1-455E-B01B-BBE9F7C0148A}.Debug|Any CPU.ActiveCfg = Debug|Any CPU
		{C999AEA4-BCF1-455E-B01B-BBE9F7C0148A}.Debug|Any CPU.Build.0 = Debug|Any CPU
		{C999AEA4-BCF1-455E-B01B-BBE9F7C0148A}.Release|Any CPU.ActiveCfg = Release|Any CPU
		{C999AEA4-BCF1-455E-B01B-BBE9F7C0148A}.Release|Any CPU.Build.0 = Release|Any CPU
		{F9C0327F-0B62-4240-93D9-F29AC6DD8D15}.Debug|Any CPU.ActiveCfg = Debug|Any CPU
		{F9C0327F-0B62-4240-93D9-F29AC6DD8D15}.Debug|Any CPU.Build.0 = Debug|Any CPU
		{F9C0327F-0B62-4240-93D9-F29AC6DD8D15}.Release|Any CPU.ActiveCfg = Release|Any CPU
		{F9C0327F-0B62-4240-93D9-F29AC6DD8D15}.Release|Any CPU.Build.0 = Release|Any CPU
	EndGlobalSection
	GlobalSection(SolutionProperties) = preSolution
		HideSolutionNode = FALSE
	EndGlobalSection
	GlobalSection(ExtensibilityGlobals) = postSolution
		SolutionGuid = {703EF0FA-D417-4272-B1EA-4E2D410B8493}
	EndGlobalSection
EndGlobal
